
Microsoft Visual Studio Solution File, Format Version 12.00
# Visual Studio Version 17
VisualStudioVersion = 17.14.36915.13 d17.14
MinimumVisualStudioVersion = 10.0.40219.1
Project("{FAE04EC0-301F-11D3-BF4B-00C04F79EFBC}") = "AppServidor", "AppServidor\AppServidor.csproj", "{3D2CB553-BE68-4629-BC4B-16BB9FBA44C4}"
EndProject
Global
	GlobalSection(SolutionConfigurationPlatforms) = preSolution
		Debug|Any CPU = Debug|Any CPU
		Release|Any CPU = Release|Any CPU
	EndGlobalSection
	GlobalSection(ProjectConfigurationPlatforms) = postSolution
		{3D2CB553-BE68-4629-BC4B-16BB9FBA44C4}.Debug|Any CPU.ActiveCfg = Debug|Any CPU
		{3D2CB553-BE68-4629-BC4B-16BB9FBA44C4}.Debug|Any CPU.Build.0 = Debug|Any CPU
		{3D2CB553-BE68-4629-BC4B-16BB9FBA44C4}.Release|Any CPU.ActiveCfg = Release|Any CPU
		{3D2CB553-BE68-4629-BC4B-16BB9FBA44C4}.Release|Any CPU.Build.0 = Release|Any CPU
	EndGlobalSection
	GlobalSection(SolutionProperties) = preSolution
		HideSolutionNode = FALSE
	EndGlobalSection
	GlobalSection(ExtensibilityGlobals) = postSolution
		SolutionGuid = {D744AFD1-EC09-42DA-8330-7A681AB13F37}
	EndGlobalSection
EndGlobal
